
Microsoft Visual Studio Solution File, Format Version 12.00
# Visual Studio Version 16
VisualStudioVersion = 16.0.31624.102
MinimumVisualStudioVersion = 10.0.40219.1
Project("{FAE04EC0-301F-11D3-BF4B-00C04F79EFBC}") = "KomodoInsurance_Console", "Developer_Repo\KomodoInsurance_Console.csproj", "{B6CEE4D8-2F28-417A-B2B9-F2E0E1A5AE27}"
EndProject
Project("{FAE04EC0-301F-11D3-BF4B-00C04F79EFBC}") = "KomodoInsurance_Repository", "KomodoInsurance_Repository\KomodoInsurance_Repository.csproj", "{5462C20E-343A-4440-A779-6CF41D349791}"
EndProject
Global
	GlobalSection(SolutionConfigurationPlatforms) = preSolution
		Debug|Any CPU = Debug|Any CPU
		Release|Any CPU = Release|Any CPU
	EndGlobalSection
	GlobalSection(ProjectConfigurationPlatforms) = postSolution
		{B6CEE4D8-2F28-417A-B2B9-F2E0E1A5AE27}.Debug|Any CPU.ActiveCfg = Debug|Any CPU
		{B6CEE4D8-2F28-417A-B2B9-F2E0E1A5AE27}.Debug|Any CPU.Build.0 = Debug|Any CPU
		{B6CEE4D8-2F28-417A-B2B9-F2E0E1A5AE27}.Release|Any CPU.ActiveCfg = Release|Any CPU
		{B6CEE4D8-2F28-417A-B2B9-F2E0E1A5AE27}.Release|Any CPU.Build.0 = Release|Any CPU
		{5462C20E-343A-4440-A779-6CF41D349791}.Debug|Any CPU.ActiveCfg = Debug|Any CPU
		{5462C20E-343A-4440-A779-6CF41D349791}.Debug|Any CPU.Build.0 = Debug|Any CPU
		{5462C20E-343A-4440-A779-6CF41D349791}.Release|Any CPU.ActiveCfg = Release|Any CPU
		{5462C20E-343A-4440-A779-6CF41D349791}.Release|Any CPU.Build.0 = Release|Any CPU
	EndGlobalSection
	GlobalSection(SolutionProperties) = preSolution
		HideSolutionNode = FALSE
	EndGlobalSection
	GlobalSection(ExtensibilityGlobals) = postSolution
		SolutionGuid = {223AEACF-A1EC-4D80-86F9-692DAF354672}
	EndGlobalSection
EndGlobal
